
Microsoft Visual Studio Solution File, Format Version 12.00
# Visual Studio 14
VisualStudioVersion = 14.0.25420.1
MinimumVisualStudioVersion = 10.0.40219.1
Project("{FAE04EC0-301F-11D3-BF4B-00C04F79EFBC}") = "WebChecker", "WebChecker\WebChecker.csproj", "{A7C177A7-F179-45D2-AE80-C52CF20E079F}"
EndProject
Project("{8BB2217D-0F2D-49D1-97BC-3654ED321F3B}") = "CoreWebChecker", "CoreWebChecker\CoreWebChecker.xproj", "{EDAD68C0-E178-47CF-83F1-CFC31CD94B1B}"
EndProject
Global
	GlobalSection(SolutionConfigurationPlatforms) = preSolution
		Debug|Any CPU = Debug|Any CPU
		Release|Any CPU = Release|Any CPU
	EndGlobalSection
	GlobalSection(ProjectConfigurationPlatforms) = postSolution
		{A7C177A7-F179-45D2-AE80-C52CF20E079F}.Debug|Any CPU.ActiveCfg = Debug|Any CPU
		{A7C177A7-F179-45D2-AE80-C52CF20E079F}.Debug|Any CPU.Build.0 = Debug|Any CPU
		{A7C177A7-F179-45D2-AE80-C52CF20E079F}.Release|Any CPU.ActiveCfg = Release|Any CPU
		{A7C177A7-F179-45D2-AE80-C52CF20E079F}.Release|Any CPU.Build.0 = Release|Any CPU
		{EDAD68C0-E178-47CF-83F1-CFC31CD94B1B}.Debug|Any CPU.ActiveCfg = Debug|Any CPU
		{EDAD68C0-E178-47CF-83F1-CFC31CD94B1B}.Debug|Any CPU.Build.0 = Debug|Any CPU
		{EDAD68C0-E178-47CF-83F1-CFC31CD94B1B}.Release|Any CPU.ActiveCfg = Release|Any CPU
		{EDAD68C0-E178-47CF-83F1-CFC31CD94B1B}.Release|Any CPU.Build.0 = Release|Any CPU
	EndGlobalSection
	GlobalSection(SolutionProperties) = preSolution
		HideSolutionNode = FALSE
	EndGlobalSection
EndGlobal
